// !$*UTF8*$!
{
	archiveVersion = 1;
	classes = {
	};
	objectVersion = 54;
	objects = {

/* Begin PBXBuildFile section */
		00E356F31AD99517003FC87E /* NEW_DEBISTests.m in Sources */ = {isa = PBXBuildFile; fileRef = 00E356F21AD99517003FC87E /* NEW_DEBISTests.m */; };
		13B07FBC1A68108700A75B9A /* AppDelegate.m in Sources */ = {isa = PBXBuildFile; fileRef = 13B07FB01A68108700A75B9A /* AppDelegate.m */; };
		13B07FBF1A68108700A75B9A /* Images.xcassets in Resources */ = {isa = PBXBuildFile; fileRef = 13B07FB51A68108700A75B9A /* Images.xcassets */; };
		13B07FC11A68108700A75B9A /* main.m in Sources */ = {isa = PBXBuildFile; fileRef = 13B07FB71A68108700A75B9A /* main.m */; };
		81AB9BB82411601600AC10FF /* LaunchScreen.storyboard in Resources */ = {isa = PBXBuildFile; fileRef = 81AB9BB72411601600AC10FF /* LaunchScreen.storyboard */; };
		C89F6F1C000C43739D8FE936 /* AntDesign.ttf in Resources */ = {isa = PBXBuildFile; fileRef = CEE74CE9DDF741F589040188 /* AntDesign.ttf */; };
		BE28E2C6C8D34740AF214D15 /* Entypo.ttf in Resources */ = {isa = PBXBuildFile; fileRef = B982E2A5ECD04BE7AEA427FD /* Entypo.ttf */; };
		3393506762BA458883A4898B /* EvilIcons.ttf in Resources */ = {isa = PBXBuildFile; fileRef = 3EDDD66024A64466A09D4076 /* EvilIcons.ttf */; };
		B49EB3A2E1AD4FACA920D89D /* Feather.ttf in Resources */ = {isa = PBXBuildFile; fileRef = EC04CD471D074FB9BE892667 /* Feather.ttf */; };
		532778D0197C4F8A86131952 /* FontAwesome.ttf in Resources */ = {isa = PBXBuildFile; fileRef = 8E8E5B06AEAD461F89E8250C /* FontAwesome.ttf */; };
		99FCB238718D4A4FA8292F33 /* FontAwesome5_Brands.ttf in Resources */ = {isa = PBXBuildFile; fileRef = 96E31C94CC9445E2BA76FB22 /* FontAwesome5_Brands.ttf */; };
		66FC4CBA8AE8478E973FD858 /* FontAwesome5_Regular.ttf in Resources */ = {isa = PBXBuildFile; fileRef = 1FB4B7EB178148F4B34919DD /* FontAwesome5_Regular.ttf */; };
		9830A25AEC9546A5A7B853A0 /* FontAwesome5_Solid.ttf in Resources */ = {isa = PBXBuildFile; fileRef = E23F2856C94F4C659F2D5DB1 /* FontAwesome5_Solid.ttf */; };
		D63976C936984F42BFA28A4C /* Fontisto.ttf in Resources */ = {isa = PBXBuildFile; fileRef = B12FA9B4095140C78A89A765 /* Fontisto.ttf */; };
		100D18EFF6EB494CB36E129C /* Foundation.ttf in Resources */ = {isa = PBXBuildFile; fileRef = E28164170F9E4E0C91747A65 /* Foundation.ttf */; };
		7F83590359664B8DAE8D6F4C /* Ionicons.ttf in Resources */ = {isa = PBXBuildFile; fileRef = 4FEB202B277E4AA59ADA4BB9 /* Ionicons.ttf */; };
		C019D926D2B545E79F366084 /* MaterialCommunityIcons.ttf in Resources */ = {isa = PBXBuildFile; fileRef = A003A3B126C2465C8A5641A3 /* MaterialCommunityIcons.ttf */; };
		8BCC59A3214D4524A339D0C4 /* MaterialIcons.ttf in Resources */ = {isa = PBXBuildFile; fileRef = 37D4F8C0141F402AA8A8DE8B /* MaterialIcons.ttf */; };
		5B21A59A7FFD467C9D2080E3 /* Octicons.ttf in Resources */ = {isa = PBXBuildFile; fileRef = 58B09EADC297431397B2ECD4 /* Octicons.ttf */; };
		D7227A3F1F15439EAE86912A /* SimpleLineIcons.ttf in Resources */ = {isa = PBXBuildFile; fileRef = F5A59FAA4A1848DE9FEDC17E /* SimpleLineIcons.ttf */; };
		EEB822B7E2E44FF492BCFBA3 /* Zocial.ttf in Resources */ = {isa = PBXBuildFile; fileRef = 00A112C0185D4239AB14535C /* Zocial.ttf */; };
		15F46F472E974F50AB1FAD62 /* AntDesign.ttf in Resources */ = {isa = PBXBuildFile; fileRef = D2D57A2CB55449A49C704805 /* AntDesign.ttf */; };
		5EB4B422439B4B0DA83E7D3E /* Entypo.ttf in Resources */ = {isa = PBXBuildFile; fileRef = D00929EBDAE544A8BAB60CA1 /* Entypo.ttf */; };
		D8C14C3572BE4FE9AA9E6479 /* EvilIcons.ttf in Resources */ = {isa = PBXBuildFile; fileRef = 89242CFE04EE42A9B7E9CFD7 /* EvilIcons.ttf */; };
		073700A8827A49429363B7A9 /* Feather.ttf in Resources */ = {isa = PBXBuildFile; fileRef = 53DE818357284507888AF407 /* Feather.ttf */; };
		C898E4FDDC7C48B9BE903E99 /* FontAwesome.ttf in Resources */ = {isa = PBXBuildFile; fileRef = ED4B68AEF64B4B00B6A1FE61 /* FontAwesome.ttf */; };
		5C52D8CB8B3A4511884C3BB9 /* FontAwesome5_Brands.ttf in Resources */ = {isa = PBXBuildFile; fileRef = 57A1120E7E364562B1737654 /* FontAwesome5_Brands.ttf */; };
		E5599302228A4EECAA041E97 /* FontAwesome5_Regular.ttf in Resources */ = {isa = PBXBuildFile; fileRef = BDA6778E37C649098974A24C /* FontAwesome5_Regular.ttf */; };
		F66429A387AA40EC9DED582D /* FontAwesome5_Solid.ttf in Resources */ = {isa = PBXBuildFile; fileRef = 15AF7BFD8E704F91930CDD4E /* FontAwesome5_Solid.ttf */; };
		97E66FE9E54B45BABDE5E9C0 /* Fontisto.ttf in Resources */ = {isa = PBXBuildFile; fileRef = 65E091DF6ADA4FBDA2B69866 /* Fontisto.ttf */; };
		9212D26D10514A1E91F8BA7B /* Foundation.ttf in Resources */ = {isa = PBXBuildFile; fileRef = 49351B7B1183417794425CC6 /* Foundation.ttf */; };
		1B571943A2F846E3A2E9C9D0 /* Ionicons.ttf in Resources */ = {isa = PBXBuildFile; fileRef = 94B7C01780114A73BE885025 /* Ionicons.ttf */; };
		1F3CC96685394C3C84BE0223 /* MaterialCommunityIcons.ttf in Resources */ = {isa = PBXBuildFile; fileRef = 5AB289049DD749FE93DEB19B /* MaterialCommunityIcons.ttf */; };
		589498BB81F34366BD03E9C1 /* MaterialIcons.ttf in Resources */ = {isa = PBXBuildFile; fileRef = 1B6D7C7F7AAB4EF79F357383 /* MaterialIcons.ttf */; };
		37865AE430A04FCE91465178 /* Octicons.ttf in Resources */ = {isa = PBXBuildFile; fileRef = 31B67B212FDC4529915F3DC2 /* Octicons.ttf */; };
		B5C66BF36EC04A1EB0A8B268 /* Roboto-Black.ttf in Resources */ = {isa = PBXBuildFile; fileRef = 1688669AA85C4E6ABEAAD3C1 /* Roboto-Black.ttf */; };
		D2F3E080F8C846118029D56D /* Roboto-BlackItalic.ttf in Resources */ = {isa = PBXBuildFile; fileRef = CCF984A0916245A5B2057378 /* Roboto-BlackItalic.ttf */; };
		D2576EDB2FD74916B96ACC43 /* Roboto-Bold.ttf in Resources */ = {isa = PBXBuildFile; fileRef = D239098E74AD4950AA6AA744 /* Roboto-Bold.ttf */; };
		C9A272C7A0DA4B6D89636400 /* Roboto-BoldItalic.ttf in Resources */ = {isa = PBXBuildFile; fileRef = B8186E61633244DE94C42055 /* Roboto-BoldItalic.ttf */; };
		E522C52C222F4D38BDF14D95 /* Roboto-Italic.ttf in Resources */ = {isa = PBXBuildFile; fileRef = 99AE9070F14D42D9AA798D7C /* Roboto-Italic.ttf */; };
		8BFC73C98F9542F381B9263C /* Roboto-Light.ttf in Resources */ = {isa = PBXBuildFile; fileRef = 4DAB4EE062804375A89E8789 /* Roboto-Light.ttf */; };
		541D83C9E41E40ADA3EBFA5A /* Roboto-LightItalic.ttf in Resources */ = {isa = PBXBuildFile; fileRef = E190A91565BC4406BE53D9E4 /* Roboto-LightItalic.ttf */; };
		A6FCC7BA4F5F4E2BB542C5CE /* Roboto-Medium.ttf in Resources */ = {isa = PBXBuildFile; fileRef = DCA98816947A41C6952A24D8 /* Roboto-Medium.ttf */; };
		162A6042CDD24A148F2C719E /* Roboto-MediumItalic.ttf in Resources */ = {isa = PBXBuildFile; fileRef = C519C99A411340D5A2C0685E /* Roboto-MediumItalic.ttf */; };
		BD7F32CA4A66407E98027AB5 /* Roboto-Regular.ttf in Resources */ = {isa = PBXBuildFile; fileRef = 515E5A55F1AE4F95A627A86B /* Roboto-Regular.ttf */; };
		3E4B1196CDEB496686F3023B /* Roboto-Thin.ttf in Resources */ = {isa = PBXBuildFile; fileRef = 39CCA0C036B545CCA88D6794 /* Roboto-Thin.ttf */; };
		70BEB67A252142489A06CDE2 /* Roboto-ThinItalic.ttf in Resources */ = {isa = PBXBuildFile; fileRef = AADFE0D940584E14BEB3EF87 /* Roboto-ThinItalic.ttf */; };
		8E66C5158F2045DC94849BA9 /* RobotoCondensed-Bold.ttf in Resources */ = {isa = PBXBuildFile; fileRef = 83502E3E4789402A80BF4586 /* RobotoCondensed-Bold.ttf */; };
		CF454E2CCA73488EBDC2A2EC /* RobotoCondensed-BoldItalic.ttf in Resources */ = {isa = PBXBuildFile; fileRef = 15C2182F95CF471EB25C80E4 /* RobotoCondensed-BoldItalic.ttf */; };
		6E700C7802A54E468B1C8D6D /* RobotoCondensed-Italic.ttf in Resources */ = {isa = PBXBuildFile; fileRef = 15E9F08BE5F347F9BA3086BF /* RobotoCondensed-Italic.ttf */; };
		356A2D9C754D4AE187DD2027 /* RobotoCondensed-Light.ttf in Resources */ = {isa = PBXBuildFile; fileRef = D554042127B543E4A3E21206 /* RobotoCondensed-Light.ttf */; };
		E1EBE17C48EA400DAE8EF597 /* RobotoCondensed-LightItalic.ttf in Resources */ = {isa = PBXBuildFile; fileRef = BBDE65ADF51A47C8AD8BEE5E /* RobotoCondensed-LightItalic.ttf */; };
		432BA50B69BC4802BC071637 /* RobotoCondensed-Regular.ttf in Resources */ = {isa = PBXBuildFile; fileRef = AE0B071B5DF94AE1ACFF3E8C /* RobotoCondensed-Regular.ttf */; };
		620BA88BBF724024A72027F5 /* SimpleLineIcons.ttf in Resources */ = {isa = PBXBuildFile; fileRef = A8E93C29752244F6BC48C1AC /* SimpleLineIcons.ttf */; };
		C26BE314D0C5440591C93DE3 /* Zocial.ttf in Resources */ = {isa = PBXBuildFile; fileRef = 2C838738C00C429EB894B0E2 /* Zocial.ttf */; };
/* End PBXBuildFile section */

/* Begin PBXContainerItemProxy section */
		00E356F41AD99517003FC87E /* PBXContainerItemProxy */ = {
			isa = PBXContainerItemProxy;
			containerPortal = 83CBB9F71A601CBA00E9B192 /* Project object */;
			proxyType = 1;
			remoteGlobalIDString = 13B07F861A680F5B00A75B9A;
			remoteInfo = NEW_DEBIS;
		};
/* End PBXContainerItemProxy section */

/* Begin PBXFileReference section */
		00E356EE1AD99517003FC87E /* NEW_DEBISTests.xctest */ = {isa = PBXFileReference; explicitFileType = wrapper.cfbundle; includeInIndex = 0; path = NEW_DEBISTests.xctest; sourceTree = BUILT_PRODUCTS_DIR; };
		00E356F11AD99517003FC87E /* Info.plist */ = {isa = PBXFileReference; lastKnownFileType = text.plist.xml; path = Info.plist; sourceTree = "<group>"; };
		00E356F21AD99517003FC87E /* NEW_DEBISTests.m */ = {isa = PBXFileReference; lastKnownFileType = sourcecode.c.objc; path = NEW_DEBISTests.m; sourceTree = "<group>"; };
		13B07F961A680F5B00A75B9A /* NEW_DEBIS.app */ = {isa = PBXFileReference; explicitFileType = wrapper.application; includeInIndex = 0; path = NEW_DEBIS.app; sourceTree = BUILT_PRODUCTS_DIR; };
		13B07FAF1A68108700A75B9A /* AppDelegate.h */ = {isa = PBXFileReference; fileEncoding = 4; lastKnownFileType = sourcecode.c.h; name = AppDelegate.h; path = NEW_DEBIS/AppDelegate.h; sourceTree = "<group>"; };
		13B07FB01A68108700A75B9A /* AppDelegate.m */ = {isa = PBXFileReference; fileEncoding = 4; lastKnownFileType = sourcecode.c.objc; name = AppDelegate.m; path = NEW_DEBIS/AppDelegate.m; sourceTree = "<group>"; };
		13B07FB51A68108700A75B9A /* Images.xcassets */ = {isa = PBXFileReference; lastKnownFileType = folder.assetcatalog; name = Images.xcassets; path = NEW_DEBIS/Images.xcassets; sourceTree = "<group>"; };
		13B07FB61A68108700A75B9A /* Info.plist */ = {isa = PBXFileReference; fileEncoding = 4; lastKnownFileType = text.plist.xml; name = Info.plist; path = NEW_DEBIS/Info.plist; sourceTree = "<group>"; };
		13B07FB71A68108700A75B9A /* main.m */ = {isa = PBXFileReference; fileEncoding = 4; lastKnownFileType = sourcecode.c.objc; name = main.m; path = NEW_DEBIS/main.m; sourceTree = "<group>"; };
		81AB9BB72411601600AC10FF /* LaunchScreen.storyboard */ = {isa = PBXFileReference; fileEncoding = 4; lastKnownFileType = file.storyboard; name = LaunchScreen.storyboard; path = NEW_DEBIS/LaunchScreen.storyboard; sourceTree = "<group>"; };
		ED297162215061F000B7C4FE /* JavaScriptCore.framework */ = {isa = PBXFileReference; lastKnownFileType = wrapper.framework; name = JavaScriptCore.framework; path = System/Library/Frameworks/JavaScriptCore.framework; sourceTree = SDKROOT; };
		CEE74CE9DDF741F589040188 /* AntDesign.ttf */ = {isa = PBXFileReference; name = "AntDesign.ttf"; path = "../node_modules/react-native-vector-icons/Fonts/AntDesign.ttf"; sourceTree = "<group>"; fileEncoding = undefined; lastKnownFileType = unknown; explicitFileType = undefined; includeInIndex = 0; };
		B982E2A5ECD04BE7AEA427FD /* Entypo.ttf */ = {isa = PBXFileReference; name = "Entypo.ttf"; path = "../node_modules/react-native-vector-icons/Fonts/Entypo.ttf"; sourceTree = "<group>"; fileEncoding = undefined; lastKnownFileType = unknown; explicitFileType = undefined; includeInIndex = 0; };
		3EDDD66024A64466A09D4076 /* EvilIcons.ttf */ = {isa = PBXFileReference; name = "EvilIcons.ttf"; path = "../node_modules/react-native-vector-icons/Fonts/EvilIcons.ttf"; sourceTree = "<group>"; fileEncoding = undefined; lastKnownFileType = unknown; explicitFileType = undefined; includeInIndex = 0; };
		EC04CD471D074FB9BE892667 /* Feather.ttf */ = {isa = PBXFileReference; name = "Feather.ttf"; path = "../node_modules/react-native-vector-icons/Fonts/Feather.ttf"; sourceTree = "<group>"; fileEncoding = undefined; lastKnownFileType = unknown; explicitFileType = undefined; includeInIndex = 0; };
		8E8E5B06AEAD461F89E8250C /* FontAwesome.ttf */ = {isa = PBXFileReference; name = "FontAwesome.ttf"; path = "../node_modules/react-native-vector-icons/Fonts/FontAwesome.ttf"; sourceTree = "<group>"; fileEncoding = undefined; lastKnownFileType = unknown; explicitFileType = undefined; includeInIndex = 0; };
		96E31C94CC9445E2BA76FB22 /* FontAwesome5_Brands.ttf */ = {isa = PBXFileReference; name = "FontAwesome5_Brands.ttf"; path = "../node_modules/react-native-vector-icons/Fonts/FontAwesome5_Brands.ttf"; sourceTree = "<group>"; fileEncoding = undefined; lastKnownFileType = unknown; explicitFileType = undefined; includeInIndex = 0; };
		1FB4B7EB178148F4B34919DD /* FontAwesome5_Regular.ttf */ = {isa = PBXFileReference; name = "FontAwesome5_Regular.ttf"; path = "../node_modules/react-native-vector-icons/Fonts/FontAwesome5_Regular.ttf"; sourceTree = "<group>"; fileEncoding = undefined; lastKnownFileType = unknown; explicitFileType = undefined; includeInIndex = 0; };
		E23F2856C94F4C659F2D5DB1 /* FontAwesome5_Solid.ttf */ = {isa = PBXFileReference; name = "FontAwesome5_Solid.ttf"; path = "../node_modules/react-native-vector-icons/Fonts/FontAwesome5_Solid.ttf"; sourceTree = "<group>"; fileEncoding = undefined; lastKnownFileType = unknown; explicitFileType = undefined; includeInIndex = 0; };
		B12FA9B4095140C78A89A765 /* Fontisto.ttf */ = {isa = PBXFileReference; name = "Fontisto.ttf"; path = "../node_modules/react-native-vector-icons/Fonts/Fontisto.ttf"; sourceTree = "<group>"; fileEncoding = undefined; lastKnownFileType = unknown; explicitFileType = undefined; includeInIndex = 0; };
		E28164170F9E4E0C91747A65 /* Foundation.ttf */ = {isa = PBXFileReference; name = "Foundation.ttf"; path = "../node_modules/react-native-vector-icons/Fonts/Foundation.ttf"; sourceTree = "<group>"; fileEncoding = undefined; lastKnownFileType = unknown; explicitFileType = undefined; includeInIndex = 0; };
		4FEB202B277E4AA59ADA4BB9 /* Ionicons.ttf */ = {isa = PBXFileReference; name = "Ionicons.ttf"; path = "../node_modules/react-native-vector-icons/Fonts/Ionicons.ttf"; sourceTree = "<group>"; fileEncoding = undefined; lastKnownFileType = unknown; explicitFileType = undefined; includeInIndex = 0; };
		A003A3B126C2465C8A5641A3 /* MaterialCommunityIcons.ttf */ = {isa = PBXFileReference; name = "MaterialCommunityIcons.ttf"; path = "../node_modules/react-native-vector-icons/Fonts/MaterialCommunityIcons.ttf"; sourceTree = "<group>"; fileEncoding = undefined; lastKnownFileType = unknown; explicitFileType = undefined; includeInIndex = 0; };
		37D4F8C0141F402AA8A8DE8B /* MaterialIcons.ttf */ = {isa = PBXFileReference; name = "MaterialIcons.ttf"; path = "../node_modules/react-native-vector-icons/Fonts/MaterialIcons.ttf"; sourceTree = "<group>"; fileEncoding = undefined; lastKnownFileType = unknown; explicitFileType = undefined; includeInIndex = 0; };
		58B09EADC297431397B2ECD4 /* Octicons.ttf */ = {isa = PBXFileReference; name = "Octicons.ttf"; path = "../node_modules/react-native-vector-icons/Fonts/Octicons.ttf"; sourceTree = "<group>"; fileEncoding = undefined; lastKnownFileType = unknown; explicitFileType = undefined; includeInIndex = 0; };
		F5A59FAA4A1848DE9FEDC17E /* SimpleLineIcons.ttf */ = {isa = PBXFileReference; name = "SimpleLineIcons.ttf"; path = "../node_modules/react-native-vector-icons/Fonts/SimpleLineIcons.ttf"; sourceTree = "<group>"; fileEncoding = undefined; lastKnownFileType = unknown; explicitFileType = undefined; includeInIndex = 0; };
		00A112C0185D4239AB14535C /* Zocial.ttf */ = {isa = PBXFileReference; name = "Zocial.ttf"; path = "../node_modules/react-native-vector-icons/Fonts/Zocial.ttf"; sourceTree = "<group>"; fileEncoding = undefined; lastKnownFileType = unknown; explicitFileType = undefined; includeInIndex = 0; };
		D2D57A2CB55449A49C704805 /* AntDesign.ttf */ = {isa = PBXFileReference; name = "AntDesign.ttf"; path = "../assets/fonts/AntDesign.ttf"; sourceTree = "<group>"; fileEncoding = undefined; lastKnownFileType = unknown; explicitFileType = undefined; includeInIndex = 0; };
		D00929EBDAE544A8BAB60CA1 /* Entypo.ttf */ = {isa = PBXFileReference; name = "Entypo.ttf"; path = "../assets/fonts/Entypo.ttf"; sourceTree = "<group>"; fileEncoding = undefined; lastKnownFileType = unknown; explicitFileType = undefined; includeInIndex = 0; };
		89242CFE04EE42A9B7E9CFD7 /* EvilIcons.ttf */ = {isa = PBXFileReference; name = "EvilIcons.ttf"; path = "../assets/fonts/EvilIcons.ttf"; sourceTree = "<group>"; fileEncoding = undefined; lastKnownFileType = unknown; explicitFileType = undefined; includeInIndex = 0; };
		53DE818357284507888AF407 /* Feather.ttf */ = {isa = PBXFileReference; name = "Feather.ttf"; path = "../assets/fonts/Feather.ttf"; sourceTree = "<group>"; fileEncoding = undefined; lastKnownFileType = unknown; explicitFileType = undefined; includeInIndex = 0; };
		ED4B68AEF64B4B00B6A1FE61 /* FontAwesome.ttf */ = {isa = PBXFileReference; name = "FontAwesome.ttf"; path = "../assets/fonts/FontAwesome.ttf"; sourceTree = "<group>"; fileEncoding = undefined; lastKnownFileType = unknown; explicitFileType = undefined; includeInIndex = 0; };
		57A1120E7E364562B1737654 /* FontAwesome5_Brands.ttf */ = {isa = PBXFileReference; name = "FontAwesome5_Brands.ttf"; path = "../assets/fonts/FontAwesome5_Brands.ttf"; sourceTree = "<group>"; fileEncoding = undefined; lastKnownFileType = unknown; explicitFileType = undefined; includeInIndex = 0; };
		BDA6778E37C649098974A24C /* FontAwesome5_Regular.ttf */ = {isa = PBXFileReference; name = "FontAwesome5_Regular.ttf"; path = "../assets/fonts/FontAwesome5_Regular.ttf"; sourceTree = "<group>"; fileEncoding = undefined; lastKnownFileType = unknown; explicitFileType = undefined; includeInIndex = 0; };
		15AF7BFD8E704F91930CDD4E /* FontAwesome5_Solid.ttf */ = {isa = PBXFileReference; name = "FontAwesome5_Solid.ttf"; path = "../assets/fonts/FontAwesome5_Solid.ttf"; sourceTree = "<group>"; fileEncoding = undefined; lastKnownFileType = unknown; explicitFileType = undefined; includeInIndex = 0; };
		65E091DF6ADA4FBDA2B69866 /* Fontisto.ttf */ = {isa = PBXFileReference; name = "Fontisto.ttf"; path = "../assets/fonts/Fontisto.ttf"; sourceTree = "<group>"; fileEncoding = undefined; lastKnownFileType = unknown; explicitFileType = undefined; includeInIndex = 0; };
		49351B7B1183417794425CC6 /* Foundation.ttf */ = {isa = PBXFileReference; name = "Foundation.ttf"; path = "../assets/fonts/Foundation.ttf"; sourceTree = "<group>"; fileEncoding = undefined; lastKnownFileType = unknown; explicitFileType = undefined; includeInIndex = 0; };
		94B7C01780114A73BE885025 /* Ionicons.ttf */ = {isa = PBXFileReference; name = "Ionicons.ttf"; path = "../assets/fonts/Ionicons.ttf"; sourceTree = "<group>"; fileEncoding = undefined; lastKnownFileType = unknown; explicitFileType = undefined; includeInIndex = 0; };
		5AB289049DD749FE93DEB19B /* MaterialCommunityIcons.ttf */ = {isa = PBXFileReference; name = "MaterialCommunityIcons.ttf"; path = "../assets/fonts/MaterialCommunityIcons.ttf"; sourceTree = "<group>"; fileEncoding = undefined; lastKnownFileType = unknown; explicitFileType = undefined; includeInIndex = 0; };
		1B6D7C7F7AAB4EF79F357383 /* MaterialIcons.ttf */ = {isa = PBXFileReference; name = "MaterialIcons.ttf"; path = "../assets/fonts/MaterialIcons.ttf"; sourceTree = "<group>"; fileEncoding = undefined; lastKnownFileType = unknown; explicitFileType = undefined; includeInIndex = 0; };
		31B67B212FDC4529915F3DC2 /* Octicons.ttf */ = {isa = PBXFileReference; name = "Octicons.ttf"; path = "../assets/fonts/Octicons.ttf"; sourceTree = "<group>"; fileEncoding = undefined; lastKnownFileType = unknown; explicitFileType = undefined; includeInIndex = 0; };
		1688669AA85C4E6ABEAAD3C1 /* Roboto-Black.ttf */ = {isa = PBXFileReference; name = "Roboto-Black.ttf"; path = "../assets/fonts/Roboto-Black.ttf"; sourceTree = "<group>"; fileEncoding = undefined; lastKnownFileType = unknown; explicitFileType = undefined; includeInIndex = 0; };
		CCF984A0916245A5B2057378 /* Roboto-BlackItalic.ttf */ = {isa = PBXFileReference; name = "Roboto-BlackItalic.ttf"; path = "../assets/fonts/Roboto-BlackItalic.ttf"; sourceTree = "<group>"; fileEncoding = undefined; lastKnownFileType = unknown; explicitFileType = undefined; includeInIndex = 0; };
		D239098E74AD4950AA6AA744 /* Roboto-Bold.ttf */ = {isa = PBXFileReference; name = "Roboto-Bold.ttf"; path = "../assets/fonts/Roboto-Bold.ttf"; sourceTree = "<group>"; fileEncoding = undefined; lastKnownFileType = unknown; explicitFileType = undefined; includeInIndex = 0; };
		B8186E61633244DE94C42055 /* Roboto-BoldItalic.ttf */ = {isa = PBXFileReference; name = "Roboto-BoldItalic.ttf"; path = "../assets/fonts/Roboto-BoldItalic.ttf"; sourceTree = "<group>"; fileEncoding = undefined; lastKnownFileType = unknown; explicitFileType = undefined; includeInIndex = 0; };
		99AE9070F14D42D9AA798D7C /* Roboto-Italic.ttf */ = {isa = PBXFileReference; name = "Roboto-Italic.ttf"; path = "../assets/fonts/Roboto-Italic.ttf"; sourceTree = "<group>"; fileEncoding = undefined; lastKnownFileType = unknown; explicitFileType = undefined; includeInIndex = 0; };
		4DAB4EE062804375A89E8789 /* Roboto-Light.ttf */ = {isa = PBXFileReference; name = "Roboto-Light.ttf"; path = "../assets/fonts/Roboto-Light.ttf"; sourceTree = "<group>"; fileEncoding = undefined; lastKnownFileType = unknown; explicitFileType = undefined; includeInIndex = 0; };
		E190A91565BC4406BE53D9E4 /* Roboto-LightItalic.ttf */ = {isa = PBXFileReference; name = "Roboto-LightItalic.ttf"; path = "../assets/fonts/Roboto-LightItalic.ttf"; sourceTree = "<group>"; fileEncoding = undefined; lastKnownFileType = unknown; explicitFileType = undefined; includeInIndex = 0; };
		DCA98816947A41C6952A24D8 /* Roboto-Medium.ttf */ = {isa = PBXFileReference; name = "Roboto-Medium.ttf"; path = "../assets/fonts/Roboto-Medium.ttf"; sourceTree = "<group>"; fileEncoding = undefined; lastKnownFileType = unknown; explicitFileType = undefined; includeInIndex = 0; };
		C519C99A411340D5A2C0685E /* Roboto-MediumItalic.ttf */ = {isa = PBXFileReference; name = "Roboto-MediumItalic.ttf"; path = "../assets/fonts/Roboto-MediumItalic.ttf"; sourceTree = "<group>"; fileEncoding = undefined; lastKnownFileType = unknown; explicitFileType = undefined; includeInIndex = 0; };
		515E5A55F1AE4F95A627A86B /* Roboto-Regular.ttf */ = {isa = PBXFileReference; name = "Roboto-Regular.ttf"; path = "../assets/fonts/Roboto-Regular.ttf"; sourceTree = "<group>"; fileEncoding = undefined; lastKnownFileType = unknown; explicitFileType = undefined; includeInIndex = 0; };
		39CCA0C036B545CCA88D6794 /* Roboto-Thin.ttf */ = {isa = PBXFileReference; name = "Roboto-Thin.ttf"; path = "../assets/fonts/Roboto-Thin.ttf"; sourceTree = "<group>"; fileEncoding = undefined; lastKnownFileType = unknown; explicitFileType = undefined; includeInIndex = 0; };
		AADFE0D940584E14BEB3EF87 /* Roboto-ThinItalic.ttf */ = {isa = PBXFileReference; name = "Roboto-ThinItalic.ttf"; path = "../assets/fonts/Roboto-ThinItalic.ttf"; sourceTree = "<group>"; fileEncoding = undefined; lastKnownFileType = unknown; explicitFileType = undefined; includeInIndex = 0; };
		83502E3E4789402A80BF4586 /* RobotoCondensed-Bold.ttf */ = {isa = PBXFileReference; name = "RobotoCondensed-Bold.ttf"; path = "../assets/fonts/RobotoCondensed-Bold.ttf"; sourceTree = "<group>"; fileEncoding = undefined; lastKnownFileType = unknown; explicitFileType = undefined; includeInIndex = 0; };
		15C2182F95CF471EB25C80E4 /* RobotoCondensed-BoldItalic.ttf */ = {isa = PBXFileReference; name = "RobotoCondensed-BoldItalic.ttf"; path = "../assets/fonts/RobotoCondensed-BoldItalic.ttf"; sourceTree = "<group>"; fileEncoding = undefined; lastKnownFileType = unknown; explicitFileType = undefined; includeInIndex = 0; };
		15E9F08BE5F347F9BA3086BF /* RobotoCondensed-Italic.ttf */ = {isa = PBXFileReference; name = "RobotoCondensed-Italic.ttf"; path = "../assets/fonts/RobotoCondensed-Italic.ttf"; sourceTree = "<group>"; fileEncoding = undefined; lastKnownFileType = unknown; explicitFileType = undefined; includeInIndex = 0; };
		D554042127B543E4A3E21206 /* RobotoCondensed-Light.ttf */ = {isa = PBXFileReference; name = "RobotoCondensed-Light.ttf"; path = "../assets/fonts/RobotoCondensed-Light.ttf"; sourceTree = "<group>"; fileEncoding = undefined; lastKnownFileType = unknown; explicitFileType = undefined; includeInIndex = 0; };
		BBDE65ADF51A47C8AD8BEE5E /* RobotoCondensed-LightItalic.ttf */ = {isa = PBXFileReference; name = "RobotoCondensed-LightItalic.ttf"; path = "../assets/fonts/RobotoCondensed-LightItalic.ttf"; sourceTree = "<group>"; fileEncoding = undefined; lastKnownFileType = unknown; explicitFileType = undefined; includeInIndex = 0; };
		AE0B071B5DF94AE1ACFF3E8C /* RobotoCondensed-Regular.ttf */ = {isa = PBXFileReference; name = "RobotoCondensed-Regular.ttf"; path = "../assets/fonts/RobotoCondensed-Regular.ttf"; sourceTree = "<group>"; fileEncoding = undefined; lastKnownFileType = unknown; explicitFileType = undefined; includeInIndex = 0; };
		A8E93C29752244F6BC48C1AC /* SimpleLineIcons.ttf */ = {isa = PBXFileReference; name = "SimpleLineIcons.ttf"; path = "../assets/fonts/SimpleLineIcons.ttf"; sourceTree = "<group>"; fileEncoding = undefined; lastKnownFileType = unknown; explicitFileType = undefined; includeInIndex = 0; };
		2C838738C00C429EB894B0E2 /* Zocial.ttf */ = {isa = PBXFileReference; name = "Zocial.ttf"; path = "../assets/fonts/Zocial.ttf"; sourceTree = "<group>"; fileEncoding = undefined; lastKnownFileType = unknown; explicitFileType = undefined; includeInIndex = 0; };
/* End PBXFileReference section */

/* Begin PBXFrameworksBuildPhase section */
		00E356EB1AD99517003FC87E /* Frameworks */ = {
			isa = PBXFrameworksBuildPhase;
			buildActionMask = 2147483647;
			files = (
			);
			runOnlyForDeploymentPostprocessing = 0;
		};
		13B07F8C1A680F5B00A75B9A /* Frameworks */ = {
			isa = PBXFrameworksBuildPhase;
			buildActionMask = 2147483647;
			files = (
			);
			runOnlyForDeploymentPostprocessing = 0;
		};
/* End PBXFrameworksBuildPhase section */

/* Begin PBXGroup section */
		00E356EF1AD99517003FC87E /* NEW_DEBISTests */ = {
			isa = PBXGroup;
			children = (
				00E356F21AD99517003FC87E /* NEW_DEBISTests.m */,
				00E356F01AD99517003FC87E /* Supporting Files */,
			);
			path = NEW_DEBISTests;
			sourceTree = "<group>";
		};
		00E356F01AD99517003FC87E /* Supporting Files */ = {
			isa = PBXGroup;
			children = (
				00E356F11AD99517003FC87E /* Info.plist */,
			);
			name = "Supporting Files";
			sourceTree = "<group>";
		};
		13B07FAE1A68108700A75B9A /* NEW_DEBIS */ = {
			isa = PBXGroup;
			children = (
				13B07FAF1A68108700A75B9A /* AppDelegate.h */,
				13B07FB01A68108700A75B9A /* AppDelegate.m */,
				13B07FB51A68108700A75B9A /* Images.xcassets */,
				13B07FB61A68108700A75B9A /* Info.plist */,
				81AB9BB72411601600AC10FF /* LaunchScreen.storyboard */,
				13B07FB71A68108700A75B9A /* main.m */,
			);
			name = NEW_DEBIS;
			sourceTree = "<group>";
		};
		2D16E6871FA4F8E400B85C8A /* Frameworks */ = {
			isa = PBXGroup;
			children = (
				ED297162215061F000B7C4FE /* JavaScriptCore.framework */,
			);
			name = Frameworks;
			sourceTree = "<group>";
		};
		832341AE1AAA6A7D00B99B32 /* Libraries */ = {
			isa = PBXGroup;
			children = (
			);
			name = Libraries;
			sourceTree = "<group>";
		};
		83CBB9F61A601CBA00E9B192 = {
			isa = PBXGroup;
			children = (
				13B07FAE1A68108700A75B9A /* NEW_DEBIS */,
				832341AE1AAA6A7D00B99B32 /* Libraries */,
				00E356EF1AD99517003FC87E /* NEW_DEBISTests */,
				83CBBA001A601CBA00E9B192 /* Products */,
				2D16E6871FA4F8E400B85C8A /* Frameworks */,
				120C2330DEB54C06A70CAE35 /* Resources */,
			);
			indentWidth = 2;
			sourceTree = "<group>";
			tabWidth = 2;
			usesTabs = 0;
		};
		83CBBA001A601CBA00E9B192 /* Products */ = {
			isa = PBXGroup;
			children = (
				13B07F961A680F5B00A75B9A /* NEW_DEBIS.app */,
				00E356EE1AD99517003FC87E /* NEW_DEBISTests.xctest */,
			);
			name = Products;
			sourceTree = "<group>";
		};
		120C2330DEB54C06A70CAE35 /* Resources */ = {
			isa = "PBXGroup";
			children = (
				CEE74CE9DDF741F589040188 /* AntDesign.ttf */,
				B982E2A5ECD04BE7AEA427FD /* Entypo.ttf */,
				3EDDD66024A64466A09D4076 /* EvilIcons.ttf */,
				EC04CD471D074FB9BE892667 /* Feather.ttf */,
				8E8E5B06AEAD461F89E8250C /* FontAwesome.ttf */,
				96E31C94CC9445E2BA76FB22 /* FontAwesome5_Brands.ttf */,
				1FB4B7EB178148F4B34919DD /* FontAwesome5_Regular.ttf */,
				E23F2856C94F4C659F2D5DB1 /* FontAwesome5_Solid.ttf */,
				B12FA9B4095140C78A89A765 /* Fontisto.ttf */,
				E28164170F9E4E0C91747A65 /* Foundation.ttf */,
				4FEB202B277E4AA59ADA4BB9 /* Ionicons.ttf */,
				A003A3B126C2465C8A5641A3 /* MaterialCommunityIcons.ttf */,
				37D4F8C0141F402AA8A8DE8B /* MaterialIcons.ttf */,
				58B09EADC297431397B2ECD4 /* Octicons.ttf */,
				F5A59FAA4A1848DE9FEDC17E /* SimpleLineIcons.ttf */,
				00A112C0185D4239AB14535C /* Zocial.ttf */,
				D2D57A2CB55449A49C704805 /* AntDesign.ttf */,
				D00929EBDAE544A8BAB60CA1 /* Entypo.ttf */,
				89242CFE04EE42A9B7E9CFD7 /* EvilIcons.ttf */,
				53DE818357284507888AF407 /* Feather.ttf */,
				ED4B68AEF64B4B00B6A1FE61 /* FontAwesome.ttf */,
				57A1120E7E364562B1737654 /* FontAwesome5_Brands.ttf */,
				BDA6778E37C649098974A24C /* FontAwesome5_Regular.ttf */,
				15AF7BFD8E704F91930CDD4E /* FontAwesome5_Solid.ttf */,
				65E091DF6ADA4FBDA2B69866 /* Fontisto.ttf */,
				49351B7B1183417794425CC6 /* Foundation.ttf */,
				94B7C01780114A73BE885025 /* Ionicons.ttf */,
				5AB289049DD749FE93DEB19B /* MaterialCommunityIcons.ttf */,
				1B6D7C7F7AAB4EF79F357383 /* MaterialIcons.ttf */,
				31B67B212FDC4529915F3DC2 /* Octicons.ttf */,
				1688669AA85C4E6ABEAAD3C1 /* Roboto-Black.ttf */,
				CCF984A0916245A5B2057378 /* Roboto-BlackItalic.ttf */,
				D239098E74AD4950AA6AA744 /* Roboto-Bold.ttf */,
				B8186E61633244DE94C42055 /* Roboto-BoldItalic.ttf */,
				99AE9070F14D42D9AA798D7C /* Roboto-Italic.ttf */,
				4DAB4EE062804375A89E8789 /* Roboto-Light.ttf */,
				E190A91565BC4406BE53D9E4 /* Roboto-LightItalic.ttf */,
				DCA98816947A41C6952A24D8 /* Roboto-Medium.ttf */,
				C519C99A411340D5A2C0685E /* Roboto-MediumItalic.ttf */,
				515E5A55F1AE4F95A627A86B /* Roboto-Regular.ttf */,
				39CCA0C036B545CCA88D6794 /* Roboto-Thin.ttf */,
				AADFE0D940584E14BEB3EF87 /* Roboto-ThinItalic.ttf */,
				83502E3E4789402A80BF4586 /* RobotoCondensed-Bold.ttf */,
				15C2182F95CF471EB25C80E4 /* RobotoCondensed-BoldItalic.ttf */,
				15E9F08BE5F347F9BA3086BF /* RobotoCondensed-Italic.ttf */,
				D554042127B543E4A3E21206 /* RobotoCondensed-Light.ttf */,
				BBDE65ADF51A47C8AD8BEE5E /* RobotoCondensed-LightItalic.ttf */,
				AE0B071B5DF94AE1ACFF3E8C /* RobotoCondensed-Regular.ttf */,
				A8E93C29752244F6BC48C1AC /* SimpleLineIcons.ttf */,
				2C838738C00C429EB894B0E2 /* Zocial.ttf */,
			);
			name = Resources;
			sourceTree = "<group>";
			path = "";
		};
/* End PBXGroup section */

/* Begin PBXNativeTarget section */
		00E356ED1AD99517003FC87E /* NEW_DEBISTests */ = {
			isa = PBXNativeTarget;
			buildConfigurationList = 00E357021AD99517003FC87E /* Build configuration list for PBXNativeTarget "NEW_DEBISTests" */;
			buildPhases = (
				00E356EA1AD99517003FC87E /* Sources */,
				00E356EB1AD99517003FC87E /* Frameworks */,
				00E356EC1AD99517003FC87E /* Resources */,
			);
			buildRules = (
			);
			dependencies = (
				00E356F51AD99517003FC87E /* PBXTargetDependency */,
			);
			name = NEW_DEBISTests;
			productName = NEW_DEBISTests;
			productReference = 00E356EE1AD99517003FC87E /* NEW_DEBISTests.xctest */;
			productType = "com.apple.product-type.bundle.unit-test";
		};
		13B07F861A680F5B00A75B9A /* NEW_DEBIS */ = {
			isa = PBXNativeTarget;
			buildConfigurationList = 13B07F931A680F5B00A75B9A /* Build configuration list for PBXNativeTarget "NEW_DEBIS" */;
			buildPhases = (
				FD10A7F022414F080027D42C /* Start Packager */,
				13B07F871A680F5B00A75B9A /* Sources */,
				13B07F8C1A680F5B00A75B9A /* Frameworks */,
				13B07F8E1A680F5B00A75B9A /* Resources */,
				00DD1BFF1BD5951E006B06BC /* Bundle React Native code and images */,
			);
			buildRules = (
			);
			dependencies = (
			);
			name = NEW_DEBIS;
			productName = NEW_DEBIS;
			productReference = 13B07F961A680F5B00A75B9A /* NEW_DEBIS.app */;
			productType = "com.apple.product-type.application";
		};
/* End PBXNativeTarget section */

/* Begin PBXProject section */
		83CBB9F71A601CBA00E9B192 /* Project object */ = {
			isa = PBXProject;
			attributes = {
				LastUpgradeCheck = 1210;
				TargetAttributes = {
					00E356ED1AD99517003FC87E = {
						CreatedOnToolsVersion = 6.2;
						TestTargetID = 13B07F861A680F5B00A75B9A;
					};
					13B07F861A680F5B00A75B9A = {
						LastSwiftMigration = 1120;
					};
				};
			};
			buildConfigurationList = 83CBB9FA1A601CBA00E9B192 /* Build configuration list for PBXProject "NEW_DEBIS" */;
			compatibilityVersion = "Xcode 12.0";
			developmentRegion = en;
			hasScannedForEncodings = 0;
			knownRegions = (
				en,
				Base,
			);
			mainGroup = 83CBB9F61A601CBA00E9B192;
			productRefGroup = 83CBBA001A601CBA00E9B192 /* Products */;
			projectDirPath = "";
			projectRoot = "";
			targets = (
				13B07F861A680F5B00A75B9A /* NEW_DEBIS */,
				00E356ED1AD99517003FC87E /* NEW_DEBISTests */,
			);
		};
/* End PBXProject section */

/* Begin PBXResourcesBuildPhase section */
		00E356EC1AD99517003FC87E /* Resources */ = {
			isa = PBXResourcesBuildPhase;
			buildActionMask = 2147483647;
			files = (
			);
			runOnlyForDeploymentPostprocessing = 0;
		};
		13B07F8E1A680F5B00A75B9A /* Resources */ = {
			isa = PBXResourcesBuildPhase;
			buildActionMask = 2147483647;
			files = (
				81AB9BB82411601600AC10FF /* LaunchScreen.storyboard in Resources */,
				13B07FBF1A68108700A75B9A /* Images.xcassets in Resources */,
				C89F6F1C000C43739D8FE936 /* AntDesign.ttf in Resources */,
				BE28E2C6C8D34740AF214D15 /* Entypo.ttf in Resources */,
				3393506762BA458883A4898B /* EvilIcons.ttf in Resources */,
				B49EB3A2E1AD4FACA920D89D /* Feather.ttf in Resources */,
				532778D0197C4F8A86131952 /* FontAwesome.ttf in Resources */,
				99FCB238718D4A4FA8292F33 /* FontAwesome5_Brands.ttf in Resources */,
				66FC4CBA8AE8478E973FD858 /* FontAwesome5_Regular.ttf in Resources */,
				9830A25AEC9546A5A7B853A0 /* FontAwesome5_Solid.ttf in Resources */,
				D63976C936984F42BFA28A4C /* Fontisto.ttf in Resources */,
				100D18EFF6EB494CB36E129C /* Foundation.ttf in Resources */,
				7F83590359664B8DAE8D6F4C /* Ionicons.ttf in Resources */,
				C019D926D2B545E79F366084 /* MaterialCommunityIcons.ttf in Resources */,
				8BCC59A3214D4524A339D0C4 /* MaterialIcons.ttf in Resources */,
				5B21A59A7FFD467C9D2080E3 /* Octicons.ttf in Resources */,
				D7227A3F1F15439EAE86912A /* SimpleLineIcons.ttf in Resources */,
				EEB822B7E2E44FF492BCFBA3 /* Zocial.ttf in Resources */,
				15F46F472E974F50AB1FAD62 /* AntDesign.ttf in Resources */,
				5EB4B422439B4B0DA83E7D3E /* Entypo.ttf in Resources */,
				D8C14C3572BE4FE9AA9E6479 /* EvilIcons.ttf in Resources */,
				073700A8827A49429363B7A9 /* Feather.ttf in Resources */,
				C898E4FDDC7C48B9BE903E99 /* FontAwesome.ttf in Resources */,
				5C52D8CB8B3A4511884C3BB9 /* FontAwesome5_Brands.ttf in Resources */,
				E5599302228A4EECAA041E97 /* FontAwesome5_Regular.ttf in Resources */,
				F66429A387AA40EC9DED582D /* FontAwesome5_Solid.ttf in Resources */,
				97E66FE9E54B45BABDE5E9C0 /* Fontisto.ttf in Resources */,
				9212D26D10514A1E91F8BA7B /* Foundation.ttf in Resources */,
				1B571943A2F846E3A2E9C9D0 /* Ionicons.ttf in Resources */,
				1F3CC96685394C3C84BE0223 /* MaterialCommunityIcons.ttf in Resources */,
				589498BB81F34366BD03E9C1 /* MaterialIcons.ttf in Resources */,
				37865AE430A04FCE91465178 /* Octicons.ttf in Resources */,
				B5C66BF36EC04A1EB0A8B268 /* Roboto-Black.ttf in Resources */,
				D2F3E080F8C846118029D56D /* Roboto-BlackItalic.ttf in Resources */,
				D2576EDB2FD74916B96ACC43 /* Roboto-Bold.ttf in Resources */,
				C9A272C7A0DA4B6D89636400 /* Roboto-BoldItalic.ttf in Resources */,
				E522C52C222F4D38BDF14D95 /* Roboto-Italic.ttf in Resources */,
				8BFC73C98F9542F381B9263C /* Roboto-Light.ttf in Resources */,
				541D83C9E41E40ADA3EBFA5A /* Roboto-LightItalic.ttf in Resources */,
				A6FCC7BA4F5F4E2BB542C5CE /* Roboto-Medium.ttf in Resources */,
				162A6042CDD24A148F2C719E /* Roboto-MediumItalic.ttf in Resources */,
				BD7F32CA4A66407E98027AB5 /* Roboto-Regular.ttf in Resources */,
				3E4B1196CDEB496686F3023B /* Roboto-Thin.ttf in Resources */,
				70BEB67A252142489A06CDE2 /* Roboto-ThinItalic.ttf in Resources */,
				8E66C5158F2045DC94849BA9 /* RobotoCondensed-Bold.ttf in Resources */,
				CF454E2CCA73488EBDC2A2EC /* RobotoCondensed-BoldItalic.ttf in Resources */,
				6E700C7802A54E468B1C8D6D /* RobotoCondensed-Italic.ttf in Resources */,
				356A2D9C754D4AE187DD2027 /* RobotoCondensed-Light.ttf in Resources */,
				E1EBE17C48EA400DAE8EF597 /* RobotoCondensed-LightItalic.ttf in Resources */,
				432BA50B69BC4802BC071637 /* RobotoCondensed-Regular.ttf in Resources */,
				620BA88BBF724024A72027F5 /* SimpleLineIcons.ttf in Resources */,
				C26BE314D0C5440591C93DE3 /* Zocial.ttf in Resources */,
			);
			runOnlyForDeploymentPostprocessing = 0;
		};
/* End PBXResourcesBuildPhase section */

/* Begin PBXShellScriptBuildPhase section */
		00DD1BFF1BD5951E006B06BC /* Bundle React Native code and images */ = {
			isa = PBXShellScriptBuildPhase;
			buildActionMask = 2147483647;
			files = (
			);
			inputPaths = (
			);
			name = "Bundle React Native code and images";
			outputPaths = (
			);
			runOnlyForDeploymentPostprocessing = 0;
			shellPath = /bin/sh;
			shellScript = "set -e\n\nexport NODE_BINARY=node\n../node_modules/react-native/scripts/react-native-xcode.sh\n";
		};
		FD10A7F022414F080027D42C /* Start Packager */ = {
			isa = PBXShellScriptBuildPhase;
			buildActionMask = 2147483647;
			files = (
			);
			inputFileListPaths = (
			);
			inputPaths = (
			);
			name = "Start Packager";
			outputFileListPaths = (
			);
			outputPaths = (
			);
			runOnlyForDeploymentPostprocessing = 0;
			shellPath = /bin/sh;
			shellScript = "export RCT_METRO_PORT=\"${RCT_METRO_PORT:=8081}\"\necho \"export RCT_METRO_PORT=${RCT_METRO_PORT}\" > \"${SRCROOT}/../node_modules/react-native/scripts/.packager.env\"\nif [ -z \"${RCT_NO_LAUNCH_PACKAGER+xxx}\" ] ; then\n  if nc -w 5 -z localhost ${RCT_METRO_PORT} ; then\n    if ! curl -s \"http://localhost:${RCT_METRO_PORT}/status\" | grep -q \"packager-status:running\" ; then\n      echo \"Port ${RCT_METRO_PORT} already in use, packager is either not running or not running correctly\"\n      exit 2\n    fi\n  else\n    open \"$SRCROOT/../node_modules/react-native/scripts/launchPackager.command\" || echo \"Can't start packager automatically\"\n  fi\nfi\n";
			showEnvVarsInLog = 0;
		};
/* End PBXShellScriptBuildPhase section */

/* Begin PBXSourcesBuildPhase section */
		00E356EA1AD99517003FC87E /* Sources */ = {
			isa = PBXSourcesBuildPhase;
			buildActionMask = 2147483647;
			files = (
				00E356F31AD99517003FC87E /* NEW_DEBISTests.m in Sources */,
			);
			runOnlyForDeploymentPostprocessing = 0;
		};
		13B07F871A680F5B00A75B9A /* Sources */ = {
			isa = PBXSourcesBuildPhase;
			buildActionMask = 2147483647;
			files = (
				13B07FBC1A68108700A75B9A /* AppDelegate.m in Sources */,
				13B07FC11A68108700A75B9A /* main.m in Sources */,
			);
			runOnlyForDeploymentPostprocessing = 0;
		};
/* End PBXSourcesBuildPhase section */

/* Begin PBXTargetDependency section */
		00E356F51AD99517003FC87E /* PBXTargetDependency */ = {
			isa = PBXTargetDependency;
			target = 13B07F861A680F5B00A75B9A /* NEW_DEBIS */;
			targetProxy = 00E356F41AD99517003FC87E /* PBXContainerItemProxy */;
		};
/* End PBXTargetDependency section */

/* Begin XCBuildConfiguration section */
		00E356F61AD99517003FC87E /* Debug */ = {
			isa = XCBuildConfiguration;
			buildSettings = {
				BUNDLE_LOADER = "$(TEST_HOST)";
				GCC_PREPROCESSOR_DEFINITIONS = (
					"DEBUG=1",
					"$(inherited)",
				);
				INFOPLIST_FILE = NEW_DEBISTests/Info.plist;
				IPHONEOS_DEPLOYMENT_TARGET = 11.0;
				LD_RUNPATH_SEARCH_PATHS = (
					"$(inherited)",
					"@executable_path/Frameworks",
					"@loader_path/Frameworks",
				);
				OTHER_LDFLAGS = (
					"-ObjC",
					"-lc++",
					"$(inherited)",
				);
				PRODUCT_BUNDLE_IDENTIFIER = "org.reactjs.native.example.$(PRODUCT_NAME:rfc1034identifier)";
				PRODUCT_NAME = "$(TARGET_NAME)";
				TEST_HOST = "$(BUILT_PRODUCTS_DIR)/NEW_DEBIS.app/NEW_DEBIS";
			};
			name = Debug;
		};
		00E356F71AD99517003FC87E /* Release */ = {
			isa = XCBuildConfiguration;
			buildSettings = {
				BUNDLE_LOADER = "$(TEST_HOST)";
				COPY_PHASE_STRIP = NO;
				INFOPLIST_FILE = NEW_DEBISTests/Info.plist;
				IPHONEOS_DEPLOYMENT_TARGET = 11.0;
				LD_RUNPATH_SEARCH_PATHS = (
					"$(inherited)",
					"@executable_path/Frameworks",
					"@loader_path/Frameworks",
				);
				OTHER_LDFLAGS = (
					"-ObjC",
					"-lc++",
					"$(inherited)",
				);
				PRODUCT_BUNDLE_IDENTIFIER = "org.reactjs.native.example.$(PRODUCT_NAME:rfc1034identifier)";
				PRODUCT_NAME = "$(TARGET_NAME)";
				TEST_HOST = "$(BUILT_PRODUCTS_DIR)/NEW_DEBIS.app/NEW_DEBIS";
			};
			name = Release;
		};
		13B07F941A680F5B00A75B9A /* Debug */ = {
			isa = XCBuildConfiguration;
			buildSettings = {
				ASSETCATALOG_COMPILER_APPICON_NAME = AppIcon;
				CLANG_ENABLE_MODULES = YES;
				CURRENT_PROJECT_VERSION = 1;
				ENABLE_BITCODE = NO;
				INFOPLIST_FILE = NEW_DEBIS/Info.plist;
				LD_RUNPATH_SEARCH_PATHS = (
					"$(inherited)",
					"@executable_path/Frameworks",
				);
				OTHER_LDFLAGS = (
					"$(inherited)",
					"-ObjC",
					"-lc++",
				);
				PRODUCT_BUNDLE_IDENTIFIER = "org.reactjs.native.example.$(PRODUCT_NAME:rfc1034identifier)";
				PRODUCT_NAME = NEW_DEBIS;
				SWIFT_OPTIMIZATION_LEVEL = "-Onone";
				SWIFT_VERSION = 5.0;
				VERSIONING_SYSTEM = "apple-generic";
			};
			name = Debug;
		};
		13B07F951A680F5B00A75B9A /* Release */ = {
			isa = XCBuildConfiguration;
			buildSettings = {
				ASSETCATALOG_COMPILER_APPICON_NAME = AppIcon;
				CLANG_ENABLE_MODULES = YES;
				CURRENT_PROJECT_VERSION = 1;
				INFOPLIST_FILE = NEW_DEBIS/Info.plist;
				LD_RUNPATH_SEARCH_PATHS = (
					"$(inherited)",
					"@executable_path/Frameworks",
				);
				OTHER_LDFLAGS = (
					"$(inherited)",
					"-ObjC",
					"-lc++",
				);
				PRODUCT_BUNDLE_IDENTIFIER = "org.reactjs.native.example.$(PRODUCT_NAME:rfc1034identifier)";
				PRODUCT_NAME = NEW_DEBIS;
				SWIFT_VERSION = 5.0;
				VERSIONING_SYSTEM = "apple-generic";
			};
			name = Release;
		};
		83CBBA201A601CBA00E9B192 /* Debug */ = {
			isa = XCBuildConfiguration;
			buildSettings = {
				ALWAYS_SEARCH_USER_PATHS = NO;
				CLANG_ANALYZER_LOCALIZABILITY_NONLOCALIZED = YES;
				CLANG_CXX_LANGUAGE_STANDARD = "gnu++0x";
				CLANG_CXX_LIBRARY = "libc++";
				CLANG_ENABLE_MODULES = YES;
				CLANG_ENABLE_OBJC_ARC = YES;
				CLANG_WARN_BLOCK_CAPTURE_AUTORELEASING = YES;
				CLANG_WARN_BOOL_CONVERSION = YES;
				CLANG_WARN_COMMA = YES;
				CLANG_WARN_CONSTANT_CONVERSION = YES;
				CLANG_WARN_DEPRECATED_OBJC_IMPLEMENTATIONS = YES;
				CLANG_WARN_DIRECT_OBJC_ISA_USAGE = YES_ERROR;
				CLANG_WARN_EMPTY_BODY = YES;
				CLANG_WARN_ENUM_CONVERSION = YES;
				CLANG_WARN_INFINITE_RECURSION = YES;
				CLANG_WARN_INT_CONVERSION = YES;
				CLANG_WARN_NON_LITERAL_NULL_CONVERSION = YES;
				CLANG_WARN_OBJC_IMPLICIT_RETAIN_SELF = YES;
				CLANG_WARN_OBJC_LITERAL_CONVERSION = YES;
				CLANG_WARN_OBJC_ROOT_CLASS = YES_ERROR;
				CLANG_WARN_QUOTED_INCLUDE_IN_FRAMEWORK_HEADER = YES;
				CLANG_WARN_RANGE_LOOP_ANALYSIS = YES;
				CLANG_WARN_STRICT_PROTOTYPES = YES;
				CLANG_WARN_SUSPICIOUS_MOVE = YES;
				CLANG_WARN_UNREACHABLE_CODE = YES;
				CLANG_WARN__DUPLICATE_METHOD_MATCH = YES;
				"CODE_SIGN_IDENTITY[sdk=iphoneos*]" = "iPhone Developer";
				COPY_PHASE_STRIP = NO;
				ENABLE_STRICT_OBJC_MSGSEND = YES;
				ENABLE_TESTABILITY = YES;
				GCC_C_LANGUAGE_STANDARD = gnu99;
				GCC_DYNAMIC_NO_PIC = NO;
				GCC_NO_COMMON_BLOCKS = YES;
				GCC_OPTIMIZATION_LEVEL = 0;
				GCC_PREPROCESSOR_DEFINITIONS = (
					"DEBUG=1",
					"$(inherited)",
				);
				GCC_SYMBOLS_PRIVATE_EXTERN = NO;
				GCC_WARN_64_TO_32_BIT_CONVERSION = YES;
				GCC_WARN_ABOUT_RETURN_TYPE = YES_ERROR;
				GCC_WARN_UNDECLARED_SELECTOR = YES;
				GCC_WARN_UNINITIALIZED_AUTOS = YES_AGGRESSIVE;
				GCC_WARN_UNUSED_FUNCTION = YES;
				GCC_WARN_UNUSED_VARIABLE = YES;
				IPHONEOS_DEPLOYMENT_TARGET = 11.0;
				LD_RUNPATH_SEARCH_PATHS = (
					/usr/lib/swift,
					"$(inherited)",
				);
				LIBRARY_SEARCH_PATHS = (
					"\"$(SDKROOT)/usr/lib/swift\"",
					"\"$(TOOLCHAIN_DIR)/usr/lib/swift/$(PLATFORM_NAME)\"",
					"\"$(TOOLCHAIN_DIR)/usr/lib/swift-5.0/$(PLATFORM_NAME)\"",
					"\"$(inherited)\"",
				);
				MTL_ENABLE_DEBUG_INFO = YES;
				ONLY_ACTIVE_ARCH = YES;
				SDKROOT = iphoneos;
			};
			name = Debug;
		};
		83CBBA211A601CBA00E9B192 /* Release */ = {
			isa = XCBuildConfiguration;
			buildSettings = {
				ALWAYS_SEARCH_USER_PATHS = NO;
				CLANG_ANALYZER_LOCALIZABILITY_NONLOCALIZED = YES;
				CLANG_CXX_LANGUAGE_STANDARD = "gnu++0x";
				CLANG_CXX_LIBRARY = "libc++";
				CLANG_ENABLE_MODULES = YES;
				CLANG_ENABLE_OBJC_ARC = YES;
				CLANG_WARN_BLOCK_CAPTURE_AUTORELEASING = YES;
				CLANG_WARN_BOOL_CONVERSION = YES;
				CLANG_WARN_COMMA = YES;
				CLANG_WARN_CONSTANT_CONVERSION = YES;
				CLANG_WARN_DEPRECATED_OBJC_IMPLEMENTATIONS = YES;
				CLANG_WARN_DIRECT_OBJC_ISA_USAGE = YES_ERROR;
				CLANG_WARN_EMPTY_BODY = YES;
				CLANG_WARN_ENUM_CONVERSION = YES;
				CLANG_WARN_INFINITE_RECURSION = YES;
				CLANG_WARN_INT_CONVERSION = YES;
				CLANG_WARN_NON_LITERAL_NULL_CONVERSION = YES;
				CLANG_WARN_OBJC_IMPLICIT_RETAIN_SELF = YES;
				CLANG_WARN_OBJC_LITERAL_CONVERSION = YES;
				CLANG_WARN_OBJC_ROOT_CLASS = YES_ERROR;
				CLANG_WARN_QUOTED_INCLUDE_IN_FRAMEWORK_HEADER = YES;
				CLANG_WARN_RANGE_LOOP_ANALYSIS = YES;
				CLANG_WARN_STRICT_PROTOTYPES = YES;
				CLANG_WARN_SUSPICIOUS_MOVE = YES;
				CLANG_WARN_UNREACHABLE_CODE = YES;
				CLANG_WARN__DUPLICATE_METHOD_MATCH = YES;
				"CODE_SIGN_IDENTITY[sdk=iphoneos*]" = "iPhone Developer";
				COPY_PHASE_STRIP = YES;
				ENABLE_NS_ASSERTIONS = NO;
				ENABLE_STRICT_OBJC_MSGSEND = YES;
				GCC_C_LANGUAGE_STANDARD = gnu99;
				GCC_NO_COMMON_BLOCKS = YES;
				GCC_WARN_64_TO_32_BIT_CONVERSION = YES;
				GCC_WARN_ABOUT_RETURN_TYPE = YES_ERROR;
				GCC_WARN_UNDECLARED_SELECTOR = YES;
				GCC_WARN_UNINITIALIZED_AUTOS = YES_AGGRESSIVE;
				GCC_WARN_UNUSED_FUNCTION = YES;
				GCC_WARN_UNUSED_VARIABLE = YES;
				IPHONEOS_DEPLOYMENT_TARGET = 11.0;
				LD_RUNPATH_SEARCH_PATHS = (
					/usr/lib/swift,
					"$(inherited)",
				);
				LIBRARY_SEARCH_PATHS = (
					"\"$(SDKROOT)/usr/lib/swift\"",
					"\"$(TOOLCHAIN_DIR)/usr/lib/swift/$(PLATFORM_NAME)\"",
					"\"$(TOOLCHAIN_DIR)/usr/lib/swift-5.0/$(PLATFORM_NAME)\"",
					"\"$(inherited)\"",
				);
				MTL_ENABLE_DEBUG_INFO = NO;
				SDKROOT = iphoneos;
				VALIDATE_PRODUCT = YES;
			};
			name = Release;
		};
/* End XCBuildConfiguration section */

/* Begin XCConfigurationList section */
		00E357021AD99517003FC87E /* Build configuration list for PBXNativeTarget "NEW_DEBISTests" */ = {
			isa = XCConfigurationList;
			buildConfigurations = (
				00E356F61AD99517003FC87E /* Debug */,
				00E356F71AD99517003FC87E /* Release */,
			);
			defaultConfigurationIsVisible = 0;
			defaultConfigurationName = Release;
		};
		13B07F931A680F5B00A75B9A /* Build configuration list for PBXNativeTarget "NEW_DEBIS" */ = {
			isa = XCConfigurationList;
			buildConfigurations = (
				13B07F941A680F5B00A75B9A /* Debug */,
				13B07F951A680F5B00A75B9A /* Release */,
			);
			defaultConfigurationIsVisible = 0;
			defaultConfigurationName = Release;
		};
		83CBB9FA1A601CBA00E9B192 /* Build configuration list for PBXProject "NEW_DEBIS" */ = {
			isa = XCConfigurationList;
			buildConfigurations = (
				83CBBA201A601CBA00E9B192 /* Debug */,
				83CBBA211A601CBA00E9B192 /* Release */,
			);
			defaultConfigurationIsVisible = 0;
			defaultConfigurationName = Release;
		};
/* End XCConfigurationList section */
	};
	rootObject = 83CBB9F71A601CBA00E9B192 /* Project object */;
}
